<Solution>
  <Folder Name="/.github/">
    <File Path=".github/dependabot.yml" />
  </Folder>
  <Folder Name="/.github/workflows/">
    <File Path=".github/workflows/dotnet.yml" />
    <File Path=".github/workflows/publish.yml" />
  </Folder>
  <Folder Name="/build/">
    <File Path=".editorconfig" />
    <File Path="build.cmd" />
    <File Path="build.ps1" />
    <File Path="build.sh" />
    <File Path="build/common.props" />
    <File Path="build/test.props" />
    <File Path="build/version.proj" />
    <File Path="Directory.Packages.props" />
    <File Path="global.json" />
    <File Path="NuGet.Config" />
  </Folder>
  <Folder Name="/src/">
    <Project Path="src/NuGet.CatalogReader/NuGet.CatalogReader.csproj" />
    <Project Path="src/NuGetMirror/NuGetMirror.csproj" />
  </Folder>
  <Folder Name="/test/">
    <Project Path="test/NuGet.CatalogReader.Tests/NuGet.CatalogReader.Tests.csproj" />
    <Project Path="test/NuGetMirror.CliTool.Tests/NuGetMirror.CliTool.Tests.csproj" />
    <Project Path="test/NuGetMirror.Tests/NuGetMirror.Tests.csproj" />
    <Project Path="test/Test.Common/Test.Common.csproj" />
  </Folder>
</Solution>
